
Microsoft Visual Studio Solution File, Format Version 12.00
# Visual Studio Version 16
VisualStudioVersion = 16.0.32228.343
MinimumVisualStudioVersion = 10.0.40219.1
Project("{F184B08F-C81C-45F6-A57F-5ABD9991F28F}") = "EDP", "EDP.vbproj", "{7C085D2A-60DA-41AB-A0D6-BEF489A99DFA}"
EndProject
Global
	GlobalSection(SolutionConfigurationPlatforms) = preSolution
		Debug|Any CPU = Debug|Any CPU
		Release|Any CPU = Release|Any CPU
	EndGlobalSection
	GlobalSection(ProjectConfigurationPlatforms) = postSolution
		{7C085D2A-60DA-41AB-A0D6-BEF489A99DFA}.Debug|Any CPU.ActiveCfg = Debug|Any CPU
		{7C085D2A-60DA-41AB-A0D6-BEF489A99DFA}.Debug|Any CPU.Build.0 = Debug|Any CPU
		{7C085D2A-60DA-41AB-A0D6-BEF489A99DFA}.Release|Any CPU.ActiveCfg = Release|Any CPU
		{7C085D2A-60DA-41AB-A0D6-BEF489A99DFA}.Release|Any CPU.Build.0 = Release|Any CPU
	EndGlobalSection
	GlobalSection(SolutionProperties) = preSolution
		HideSolutionNode = FALSE
	EndGlobalSection
	GlobalSection(ExtensibilityGlobals) = postSolution
		SolutionGuid = {18C34B66-0A03-4061-A642-2BA40EF21408}
	EndGlobalSection
EndGlobal
